Microsoft Visual Studio Solution File, Format Version 7.00
Project("{F184B08F-C81C-45F6-A57F-5ABD9991F28F}") = "Ch4 - Confirm Deletes", "http://localhost/Ch4 - Confirm Deletes/Ch4 - Confirm Deletes.vbproj", "{69E193B2-4526-4F2D-8A87-7875B3B2C865}"
EndProject
Global
	GlobalSection(SolutionConfiguration) = preSolution
		ConfigName.0 = Debug
		ConfigName.1 = Release
	EndGlobalSection
	GlobalSection(ProjectDependencies) = postSolution
	EndGlobalSection
	GlobalSection(ProjectConfiguration) = postSolution
		{69E193B2-4526-4F2D-8A87-7875B3B2C865}.Debug.ActiveCfg = Debug|.NET
		{69E193B2-4526-4F2D-8A87-7875B3B2C865}.Debug.Build.0 = Debug|.NET
		{69E193B2-4526-4F2D-8A87-7875B3B2C865}.Release.ActiveCfg = Release|.NET
		{69E193B2-4526-4F2D-8A87-7875B3B2C865}.Release.Build.0 = Release|.NET
	EndGlobalSection
	GlobalSection(ExtensibilityGlobals) = postSolution
	EndGlobalSection
	GlobalSection(ExtensibilityAddIns) = postSolution
	EndGlobalSection
EndGlobal
