Microsoft Visual Studio Solution File, Format Version 7.00
Project("{F184B08F-C81C-45F6-A57F-5ABD9991F28F}") = "Ch7 - Gradient", "Ch7 - Gradient.vbproj", "{A3343F4A-0F3B-497F-9B5D-09C2E31209C0}"
EndProject
Global
	GlobalSection(SolutionConfiguration) = preSolution
		ConfigName.0 = Debug
		ConfigName.1 = Release
	EndGlobalSection
	GlobalSection(ProjectDependencies) = postSolution
	EndGlobalSection
	GlobalSection(ProjectConfiguration) = postSolution
		{A3343F4A-0F3B-497F-9B5D-09C2E31209C0}.Debug.ActiveCfg = Debug|.NET
		{A3343F4A-0F3B-497F-9B5D-09C2E31209C0}.Debug.Build.0 = Debug|.NET
		{A3343F4A-0F3B-497F-9B5D-09C2E31209C0}.Release.ActiveCfg = Release|.NET
		{A3343F4A-0F3B-497F-9B5D-09C2E31209C0}.Release.Build.0 = Release|.NET
	EndGlobalSection
	GlobalSection(ExtensibilityGlobals) = postSolution
	EndGlobalSection
	GlobalSection(ExtensibilityAddIns) = postSolution
	EndGlobalSection
EndGlobal
