Microsoft Visual Studio Solution File, Format Version 7.00
Project("{F184B08F-C81C-45F6-A57F-5ABD9991F28F}") = "Ch7 - Ordinal Numbers", "Ch7 - Ordinal Numbers.vbproj", "{9F982A50-A2C5-450E-96E4-CB62A74F4F1A}"
EndProject
Global
	GlobalSection(SolutionConfiguration) = preSolution
		ConfigName.0 = Debug
		ConfigName.1 = Release
	EndGlobalSection
	GlobalSection(ProjectDependencies) = postSolution
	EndGlobalSection
	GlobalSection(ProjectConfiguration) = postSolution
		{9F982A50-A2C5-450E-96E4-CB62A74F4F1A}.Debug.ActiveCfg = Debug|.NET
		{9F982A50-A2C5-450E-96E4-CB62A74F4F1A}.Debug.Build.0 = Debug|.NET
		{9F982A50-A2C5-450E-96E4-CB62A74F4F1A}.Release.ActiveCfg = Release|.NET
		{9F982A50-A2C5-450E-96E4-CB62A74F4F1A}.Release.Build.0 = Release|.NET
	EndGlobalSection
	GlobalSection(ExtensibilityGlobals) = postSolution
	EndGlobalSection
	GlobalSection(ExtensibilityAddIns) = postSolution
	EndGlobalSection
EndGlobal
