Microsoft Visual Studio Solution File, Format Version 7.00
Project("{F184B08F-C81C-45F6-A57F-5ABD9991F28F}") = "Ch2 - Print Form", "Ch2 - Print Form.vbproj", "{92776199-879F-4641-BBD9-B2426D63F111}"
EndProject
Global
	GlobalSection(SolutionConfiguration) = preSolution
		ConfigName.0 = Debug
		ConfigName.1 = Release
	EndGlobalSection
	GlobalSection(ProjectDependencies) = postSolution
	EndGlobalSection
	GlobalSection(ProjectConfiguration) = postSolution
		{92776199-879F-4641-BBD9-B2426D63F111}.Debug.ActiveCfg = Debug|.NET
		{92776199-879F-4641-BBD9-B2426D63F111}.Debug.Build.0 = Debug|.NET
		{92776199-879F-4641-BBD9-B2426D63F111}.Release.ActiveCfg = Release|.NET
		{92776199-879F-4641-BBD9-B2426D63F111}.Release.Build.0 = Release|.NET
	EndGlobalSection
	GlobalSection(ExtensibilityGlobals) = postSolution
	EndGlobalSection
	GlobalSection(ExtensibilityAddIns) = postSolution
	EndGlobalSection
EndGlobal
