Microsoft Visual Studio Solution File, Format Version 7.00
Project("{F184B08F-C81C-45F6-A57F-5ABD9991F28F}") = "Ch7 - Simple Encryption", "Ch7 - Simple Encryption.vbproj", "{52CBD222-E333-4765-AB28-0C9D507C78C2}"
EndProject
Global
	GlobalSection(SolutionConfiguration) = preSolution
		ConfigName.0 = Debug
		ConfigName.1 = Release
	EndGlobalSection
	GlobalSection(ProjectDependencies) = postSolution
	EndGlobalSection
	GlobalSection(ProjectConfiguration) = postSolution
		{52CBD222-E333-4765-AB28-0C9D507C78C2}.Debug.ActiveCfg = Debug|.NET
		{52CBD222-E333-4765-AB28-0C9D507C78C2}.Debug.Build.0 = Debug|.NET
		{52CBD222-E333-4765-AB28-0C9D507C78C2}.Release.ActiveCfg = Release|.NET
		{52CBD222-E333-4765-AB28-0C9D507C78C2}.Release.Build.0 = Release|.NET
	EndGlobalSection
	GlobalSection(ExtensibilityGlobals) = postSolution
	EndGlobalSection
	GlobalSection(ExtensibilityAddIns) = postSolution
	EndGlobalSection
EndGlobal
