Microsoft Visual Studio Solution File, Format Version 7.00
Project("{F184B08F-C81C-45F6-A57F-5ABD9991F28F}") = "Ch2 - Win XP Themes", "Ch2 - Win XP Themes.vbproj", "{FC1BCB16-55A2-43E2-8741-95B539B6BE05}"
EndProject
Global
	GlobalSection(SolutionConfiguration) = preSolution
		ConfigName.0 = Debug
		ConfigName.1 = Release
	EndGlobalSection
	GlobalSection(ProjectDependencies) = postSolution
	EndGlobalSection
	GlobalSection(ProjectConfiguration) = postSolution
		{FC1BCB16-55A2-43E2-8741-95B539B6BE05}.Debug.ActiveCfg = Debug|.NET
		{FC1BCB16-55A2-43E2-8741-95B539B6BE05}.Debug.Build.0 = Debug|.NET
		{FC1BCB16-55A2-43E2-8741-95B539B6BE05}.Release.ActiveCfg = Release|.NET
		{FC1BCB16-55A2-43E2-8741-95B539B6BE05}.Release.Build.0 = Release|.NET
	EndGlobalSection
	GlobalSection(ExtensibilityGlobals) = postSolution
	EndGlobalSection
	GlobalSection(ExtensibilityAddIns) = postSolution
	EndGlobalSection
EndGlobal
