Microsoft Visual Studio Solution File, Format Version 7.00
Project("{F184B08F-C81C-45F6-A57F-5ABD9991F28F}") = "Ch2 - Reset Form", "Ch2 - Reset Form.vbproj", "{65D80F86-CD03-4CED-897B-A07F3373371E}"
EndProject
Global
	GlobalSection(SolutionConfiguration) = preSolution
		ConfigName.0 = Debug
		ConfigName.1 = Release
	EndGlobalSection
	GlobalSection(ProjectDependencies) = postSolution
	EndGlobalSection
	GlobalSection(ProjectConfiguration) = postSolution
		{65D80F86-CD03-4CED-897B-A07F3373371E}.Debug.ActiveCfg = Debug|.NET
		{65D80F86-CD03-4CED-897B-A07F3373371E}.Debug.Build.0 = Debug|.NET
		{65D80F86-CD03-4CED-897B-A07F3373371E}.Release.ActiveCfg = Release|.NET
		{65D80F86-CD03-4CED-897B-A07F3373371E}.Release.Build.0 = Release|.NET
	EndGlobalSection
	GlobalSection(ExtensibilityGlobals) = postSolution
	EndGlobalSection
	GlobalSection(ExtensibilityAddIns) = postSolution
	EndGlobalSection
EndGlobal
